// !$*UTF8*$!
{
	archiveVersion = 1;
	classes = {
	};
	objectVersion = 56;
	objects = {

/* Begin PBXBuildFile section */
		347DE9E82CEC722000E8E37D /* ToDoAppApp.swift in Sources */ = {isa = PBXBuildFile; fileRef = 347DE9E72CEC722000E8E37D /* ToDoAppApp.swift */; };
		347DE9EA2CEC722000E8E37D /* ContentView.swift in Sources */ = {isa = PBXBuildFile; fileRef = 347DE9E92CEC722000E8E37D /* ContentView.swift */; };
		347DE9EC2CEC722200E8E37D /* Assets.xcassets in Resources */ = {isa = PBXBuildFile; fileRef = 347DE9EB2CEC722200E8E37D /* Assets.xcassets */; };
		347DE9EF2CEC722200E8E37D /* Preview Assets.xcassets in Resources */ = {isa = PBXBuildFile; fileRef = 347DE9EE2CEC722200E8E37D /* Preview Assets.xcassets */; };
		347DE9F72CEC729200E8E37D /* Localizable.strings in Resources */ = {isa = PBXBuildFile; fileRef = 347DE9F92CEC729200E8E37D /* Localizable.strings */; };
		347DE9FC2CEC992700E8E37D /* Date + Extensions.swift in Sources */ = {isa = PBXBuildFile; fileRef = 347DE9FB2CEC992700E8E37D /* Date + Extensions.swift */; };
		34B90DEE2CECC58B00E52DC3 /* CoreDataManager.swift in Sources */ = {isa = PBXBuildFile; fileRef = 34B90DED2CECC58B00E52DC3 /* CoreDataManager.swift */; };
		34B90DF12CECC6AD00E52DC3 /* TodosContainer.xcdatamodeld in Sources */ = {isa = PBXBuildFile; fileRef = 34B90DEF2CECC6AD00E52DC3 /* TodosContainer.xcdatamodeld */; };
		34BCEC662CECA79200F58D2E /* TitleView.swift in Sources */ = {isa = PBXBuildFile; fileRef = 34BCEC652CECA79200F58D2E /* TitleView.swift */; };
		34BCEC682CECA7D200F58D2E /* TodoMVM.swift in Sources */ = {isa = PBXBuildFile; fileRef = 34BCEC672CECA7D200F58D2E /* TodoMVM.swift */; };
		34BCEC6C2CECABD000F58D2E /* Customizations.swift in Sources */ = {isa = PBXBuildFile; fileRef = 34BCEC6B2CECABD000F58D2E /* Customizations.swift */; };
/* End PBXBuildFile section */

/* Begin PBXFileReference section */
		347DE9E42CEC722000E8E37D /* ToDoApp.app */ = {isa = PBXFileReference; explicitFileType = wrapper.application; includeInIndex = 0; path = ToDoApp.app; sourceTree = BUILT_PRODUCTS_DIR; };
		347DE9E72CEC722000E8E37D /* ToDoAppApp.swift */ = {isa = PBXFileReference; lastKnownFileType = sourcecode.swift; path = ToDoAppApp.swift; sourceTree = "<group>"; };
		347DE9E92CEC722000E8E37D /* ContentView.swift */ = {isa = PBXFileReference; lastKnownFileType = sourcecode.swift; path = ContentView.swift; sourceTree = "<group>"; };
		347DE9EB2CEC722200E8E37D /* Assets.xcassets */ = {isa = PBXFileReference; lastKnownFileType = folder.assetcatalog; path = Assets.xcassets; sourceTree = "<group>"; };
		347DE9EE2CEC722200E8E37D /* Preview Assets.xcassets */ = {isa = PBXFileReference; lastKnownFileType = folder.assetcatalog; path = "Preview Assets.xcassets"; sourceTree = "<group>"; };
		347DE9F82CEC729200E8E37D /* en */ = {isa = PBXFileReference; lastKnownFileType = text.plist.strings; name = en; path = en.lproj/Localizable.strings; sourceTree = "<group>"; };
		347DE9FA2CEC729300E8E37D /* ru */ = {isa = PBXFileReference; lastKnownFileType = text.plist.strings; name = ru; path = ru.lproj/Localizable.strings; sourceTree = "<group>"; };
		347DE9FB2CEC992700E8E37D /* Date + Extensions.swift */ = {isa = PBXFileReference; lastKnownFileType = sourcecode.swift; path = "Date + Extensions.swift"; sourceTree = "<group>"; };
		34B90DED2CECC58B00E52DC3 /* CoreDataManager.swift */ = {isa = PBXFileReference; lastKnownFileType = sourcecode.swift; path = CoreDataManager.swift; sourceTree = "<group>"; };
		34B90DF02CECC6AD00E52DC3 /* TodosContainer.xcdatamodel */ = {isa = PBXFileReference; lastKnownFileType = wrapper.xcdatamodel; path = TodosContainer.xcdatamodel; sourceTree = "<group>"; };
		34BCEC652CECA79200F58D2E /* TitleView.swift */ = {isa = PBXFileReference; lastKnownFileType = sourcecode.swift; path = TitleView.swift; sourceTree = "<group>"; };
		34BCEC672CECA7D200F58D2E /* TodoMVM.swift */ = {isa = PBXFileReference; lastKnownFileType = sourcecode.swift; path = TodoMVM.swift; sourceTree = "<group>"; };
		34BCEC6B2CECABD000F58D2E /* Customizations.swift */ = {isa = PBXFileReference; lastKnownFileType = sourcecode.swift; path = Customizations.swift; sourceTree = "<group>"; };
/* End PBXFileReference section */

/* Begin PBXFrameworksBuildPhase section */
		347DE9E12CEC722000E8E37D /* Frameworks */ = {
			isa = PBXFrameworksBuildPhase;
			buildActionMask = 2147483647;
			files = (
			);
			runOnlyForDeploymentPostprocessing = 0;
		};
/* End PBXFrameworksBuildPhase section */

/* Begin PBXGroup section */
		347DE9DB2CEC722000E8E37D = {
			isa = PBXGroup;
			children = (
				347DE9E62CEC722000E8E37D /* ToDoApp */,
				347DE9E52CEC722000E8E37D /* Products */,
			);
			sourceTree = "<group>";
		};
		347DE9E52CEC722000E8E37D /* Products */ = {
			isa = PBXGroup;
			children = (
				347DE9E42CEC722000E8E37D /* ToDoApp.app */,
			);
			name = Products;
			sourceTree = "<group>";
		};
		347DE9E62CEC722000E8E37D /* ToDoApp */ = {
			isa = PBXGroup;
			children = (
				34BCEC692CECA7F400F58D2E /* System */,
				34B90DEC2CECC54E00E52DC3 /* CoreData Module */,
				347DE9E92CEC722000E8E37D /* ContentView.swift */,
				34BCEC652CECA79200F58D2E /* TitleView.swift */,
				34BCEC672CECA7D200F58D2E /* TodoMVM.swift */,
				34BCEC6A2CECA81200F58D2E /* Extensions */,
				347DE9ED2CEC722200E8E37D /* Preview Content */,
			);
			path = ToDoApp;
			sourceTree = "<group>";
		};
		347DE9ED2CEC722200E8E37D /* Preview Content */ = {
			isa = PBXGroup;
			children = (
				347DE9EE2CEC722200E8E37D /* Preview Assets.xcassets */,
			);
			path = "Preview Content";
			sourceTree = "<group>";
		};
		34B90DEC2CECC54E00E52DC3 /* CoreData Module */ = {
			isa = PBXGroup;
			children = (
				34B90DED2CECC58B00E52DC3 /* CoreDataManager.swift */,
				34B90DEF2CECC6AD00E52DC3 /* TodosContainer.xcdatamodeld */,
			);
			path = "CoreData Module";
			sourceTree = "<group>";
		};
		34BCEC692CECA7F400F58D2E /* System */ = {
			isa = PBXGroup;
			children = (
				347DE9E72CEC722000E8E37D /* ToDoAppApp.swift */,
				347DE9EB2CEC722200E8E37D /* Assets.xcassets */,
				347DE9F92CEC729200E8E37D /* Localizable.strings */,
			);
			path = System;
			sourceTree = "<group>";
		};
		34BCEC6A2CECA81200F58D2E /* Extensions */ = {
			isa = PBXGroup;
			children = (
				347DE9FB2CEC992700E8E37D /* Date + Extensions.swift */,
				34BCEC6B2CECABD000F58D2E /* Customizations.swift */,
			);
			path = Extensions;
			sourceTree = "<group>";
		};
/* End PBXGroup section */

/* Begin PBXNativeTarget section */
		347DE9E32CEC722000E8E37D /* ToDoApp */ = {
			isa = PBXNativeTarget;
			buildConfigurationList = 347DE9F22CEC722200E8E37D /* Build configuration list for PBXNativeTarget "ToDoApp" */;
			buildPhases = (
				347DE9E02CEC722000E8E37D /* Sources */,
				347DE9E12CEC722000E8E37D /* Frameworks */,
				347DE9E22CEC722000E8E37D /* Resources */,
			);
			buildRules = (
			);
			dependencies = (
			);
			name = ToDoApp;
			productName = ToDoApp;
			productReference = 347DE9E42CEC722000E8E37D /* ToDoApp.app */;
			productType = "com.apple.product-type.application";
		};
/* End PBXNativeTarget section */

/* Begin PBXProject section */
		347DE9DC2CEC722000E8E37D /* Project object */ = {
			isa = PBXProject;
			attributes = {
				BuildIndependentTargetsInParallel = 1;
				LastSwiftUpdateCheck = 1520;
				LastUpgradeCheck = 1520;
				TargetAttributes = {
					347DE9E32CEC722000E8E37D = {
						CreatedOnToolsVersion = 15.2;
					};
				};
			};
			buildConfigurationList = 347DE9DF2CEC722000E8E37D /* Build configuration list for PBXProject "ToDoApp" */;
			compatibilityVersion = "Xcode 14.0";
			developmentRegion = en;
			hasScannedForEncodings = 0;
			knownRegions = (
				en,
				Base,
				ru,
			);
			mainGroup = 347DE9DB2CEC722000E8E37D;
			productRefGroup = 347DE9E52CEC722000E8E37D /* Products */;
			projectDirPath = "";
			projectRoot = "";
			targets = (
				347DE9E32CEC722000E8E37D /* ToDoApp */,
			);
		};
/* End PBXProject section */

/* Begin PBXResourcesBuildPhase section */
		347DE9E22CEC722000E8E37D /* Resources */ = {
			isa = PBXResourcesBuildPhase;
			buildActionMask = 2147483647;
			files = (
				347DE9EF2CEC722200E8E37D /* Preview Assets.xcassets in Resources */,
				347DE9F72CEC729200E8E37D /* Localizable.strings in Resources */,
				347DE9EC2CEC722200E8E37D /* Assets.xcassets in Resources */,
			);
			runOnlyForDeploymentPostprocessing = 0;
		};
/* End PBXResourcesBuildPhase section */

/* Begin PBXSourcesBuildPhase section */
		347DE9E02CEC722000E8E37D /* Sources */ = {
			isa = PBXSourcesBuildPhase;
			buildActionMask = 2147483647;
			files = (
				347DE9EA2CEC722000E8E37D /* ContentView.swift in Sources */,
				347DE9FC2CEC992700E8E37D /* Date + Extensions.swift in Sources */,
				347DE9E82CEC722000E8E37D /* ToDoAppApp.swift in Sources */,
				34BCEC662CECA79200F58D2E /* TitleView.swift in Sources */,
				34BCEC682CECA7D200F58D2E /* TodoMVM.swift in Sources */,
				34B90DEE2CECC58B00E52DC3 /* CoreDataManager.swift in Sources */,
				34BCEC6C2CECABD000F58D2E /* Customizations.swift in Sources */,
				34B90DF12CECC6AD00E52DC3 /* TodosContainer.xcdatamodeld in Sources */,
			);
			runOnlyForDeploymentPostprocessing = 0;
		};
/* End PBXSourcesBuildPhase section */

/* Begin PBXVariantGroup section */
		347DE9F92CEC729200E8E37D /* Localizable.strings */ = {
			isa = PBXVariantGroup;
			children = (
				347DE9F82CEC729200E8E37D /* en */,
				347DE9FA2CEC729300E8E37D /* ru */,
			);
			name = Localizable.strings;
			sourceTree = "<group>";
		};
/* End PBXVariantGroup section */

/* Begin XCBuildConfiguration section */
		347DE9F02CEC722200E8E37D /* Debug */ = {
			isa = XCBuildConfiguration;
			buildSettings = {
				ALWAYS_SEARCH_USER_PATHS = NO;
				ASSETCATALOG_COMPILER_GENERATE_SWIFT_ASSET_SYMBOL_EXTENSIONS = YES;
				CLANG_ANALYZER_NONNULL = YES;
				CLANG_ANALYZER_NUMBER_OBJECT_CONVERSION = YES_AGGRESSIVE;
				CLANG_CXX_LANGUAGE_STANDARD = "gnu++20";
				CLANG_ENABLE_MODULES = YES;
				CLANG_ENABLE_OBJC_ARC = YES;
				CLANG_ENABLE_OBJC_WEAK = YES;
				CLANG_WARN_BLOCK_CAPTURE_AUTORELEASING = YES;
				CLANG_WARN_BOOL_CONVERSION = YES;
				CLANG_WARN_COMMA = YES;
				CLANG_WARN_CONSTANT_CONVERSION = YES;
				CLANG_WARN_DEPRECATED_OBJC_IMPLEMENTATIONS = YES;
				CLANG_WARN_DIRECT_OBJC_ISA_USAGE = YES_ERROR;
				CLANG_WARN_DOCUMENTATION_COMMENTS = YES;
				CLANG_WARN_EMPTY_BODY = YES;
				CLANG_WARN_ENUM_CONVERSION = YES;
				CLANG_WARN_INFINITE_RECURSION = YES;
				CLANG_WARN_INT_CONVERSION = YES;
				CLANG_WARN_NON_LITERAL_NULL_CONVERSION = YES;
				CLANG_WARN_OBJC_IMPLICIT_RETAIN_SELF = YES;
				CLANG_WARN_OBJC_LITERAL_CONVERSION = YES;
				CLANG_WARN_OBJC_ROOT_CLASS = YES_ERROR;
				CLANG_WARN_QUOTED_INCLUDE_IN_FRAMEWORK_HEADER = YES;
				CLANG_WARN_RANGE_LOOP_ANALYSIS = YES;
				CLANG_WARN_STRICT_PROTOTYPES = YES;
				CLANG_WARN_SUSPICIOUS_MOVE = YES;
				CLANG_WARN_UNGUARDED_AVAILABILITY = YES_AGGRESSIVE;
				CLANG_WARN_UNREACHABLE_CODE = YES;
				CLANG_WARN__DUPLICATE_METHOD_MATCH = YES;
				COPY_PHASE_STRIP = NO;
				DEBUG_INFORMATION_FORMAT = dwarf;
				ENABLE_STRICT_OBJC_MSGSEND = YES;
				ENABLE_TESTABILITY = YES;
				ENABLE_USER_SCRIPT_SANDBOXING = YES;
				GCC_C_LANGUAGE_STANDARD = gnu17;
				GCC_DYNAMIC_NO_PIC = NO;
				GCC_NO_COMMON_BLOCKS = YES;
				GCC_OPTIMIZATION_LEVEL = 0;
				GCC_PREPROCESSOR_DEFINITIONS = (
					"DEBUG=1",
					"$(inherited)",
				);
				GCC_WARN_64_TO_32_BIT_CONVERSION = YES;
				GCC_WARN_ABOUT_RETURN_TYPE = YES_ERROR;
				GCC_WARN_UNDECLARED_SELECTOR = YES;
				GCC_WARN_UNINITIALIZED_AUTOS = YES_AGGRESSIVE;
				GCC_WARN_UNUSED_FUNCTION = YES;
				GCC_WARN_UNUSED_VARIABLE = YES;
				IPHONEOS_DEPLOYMENT_TARGET = 17.2;
				LOCALIZATION_PREFERS_STRING_CATALOGS = YES;
				MTL_ENABLE_DEBUG_INFO = INCLUDE_SOURCE;
				MTL_FAST_MATH = YES;
				ONLY_ACTIVE_ARCH = YES;
				SDKROOT = iphoneos;
				SWIFT_ACTIVE_COMPILATION_CONDITIONS = "DEBUG $(inherited)";
				SWIFT_OPTIMIZATION_LEVEL = "-Onone";
			};
			name = Debug;
		};
		347DE9F12CEC722200E8E37D /* Release */ = {
			isa = XCBuildConfiguration;
			buildSettings = {
				ALWAYS_SEARCH_USER_PATHS = NO;
				ASSETCATALOG_COMPILER_GENERATE_SWIFT_ASSET_SYMBOL_EXTENSIONS = YES;
				CLANG_ANALYZER_NONNULL = YES;
				CLANG_ANALYZER_NUMBER_OBJECT_CONVERSION = YES_AGGRESSIVE;
				CLANG_CXX_LANGUAGE_STANDARD = "gnu++20";
				CLANG_ENABLE_MODULES = YES;
				CLANG_ENABLE_OBJC_ARC = YES;
				CLANG_ENABLE_OBJC_WEAK = YES;
				CLANG_WARN_BLOCK_CAPTURE_AUTORELEASING = YES;
				CLANG_WARN_BOOL_CONVERSION = YES;
				CLANG_WARN_COMMA = YES;
				CLANG_WARN_CONSTANT_CONVERSION = YES;
				CLANG_WARN_DEPRECATED_OBJC_IMPLEMENTATIONS = YES;
				CLANG_WARN_DIRECT_OBJC_ISA_USAGE = YES_ERROR;
				CLANG_WARN_DOCUMENTATION_COMMENTS = YES;
				CLANG_WARN_EMPTY_BODY = YES;
				CLANG_WARN_ENUM_CONVERSION = YES;
				CLANG_WARN_INFINITE_RECURSION = YES;
				CLANG_WARN_INT_CONVERSION = YES;
				CLANG_WARN_NON_LITERAL_NULL_CONVERSION = YES;
				CLANG_WARN_OBJC_IMPLICIT_RETAIN_SELF = YES;
				CLANG_WARN_OBJC_LITERAL_CONVERSION = YES;
				CLANG_WARN_OBJC_ROOT_CLASS = YES_ERROR;
				CLANG_WARN_QUOTED_INCLUDE_IN_FRAMEWORK_HEADER = YES;
				CLANG_WARN_RANGE_LOOP_ANALYSIS = YES;
				CLANG_WARN_STRICT_PROTOTYPES = YES;
				CLANG_WARN_SUSPICIOUS_MOVE = YES;
				CLANG_WARN_UNGUARDED_AVAILABILITY = YES_AGGRESSIVE;
				CLANG_WARN_UNREACHABLE_CODE = YES;
				CLANG_WARN__DUPLICATE_METHOD_MATCH = YES;
				COPY_PHASE_STRIP = NO;
				DEBUG_INFORMATION_FORMAT = "dwarf-with-dsym";
				ENABLE_NS_ASSERTIONS = NO;
				ENABLE_STRICT_OBJC_MSGSEND = YES;
				ENABLE_USER_SCRIPT_SANDBOXING = YES;
				GCC_C_LANGUAGE_STANDARD = gnu17;
				GCC_NO_COMMON_BLOCKS = YES;
				GCC_WARN_64_TO_32_BIT_CONVERSION = YES;
				GCC_WARN_ABOUT_RETURN_TYPE = YES_ERROR;
				GCC_WARN_UNDECLARED_SELECTOR = YES;
				GCC_WARN_UNINITIALIZED_AUTOS = YES_AGGRESSIVE;
				GCC_WARN_UNUSED_FUNCTION = YES;
				GCC_WARN_UNUSED_VARIABLE = YES;
				IPHONEOS_DEPLOYMENT_TARGET = 17.2;
				LOCALIZATION_PREFERS_STRING_CATALOGS = YES;
				MTL_ENABLE_DEBUG_INFO = NO;
				MTL_FAST_MATH = YES;
				SDKROOT = iphoneos;
				SWIFT_COMPILATION_MODE = wholemodule;
				VALIDATE_PRODUCT = YES;
			};
			name = Release;
		};
		347DE9F32CEC722200E8E37D /* Debug */ = {
			isa = XCBuildConfiguration;
			buildSettings = {
				ASSETCATALOG_COMPILER_APPICON_NAME = AppIcon;
				ASSETCATALOG_COMPILER_GLOBAL_ACCENT_COLOR_NAME = AccentColor;
				CODE_SIGN_STYLE = Automatic;
				CURRENT_PROJECT_VERSION = 1;
				DEVELOPMENT_ASSET_PATHS = "\"ToDoApp/Preview Content\"";
				DEVELOPMENT_TEAM = 5NG3V567GS;
				ENABLE_PREVIEWS = YES;
				GENERATE_INFOPLIST_FILE = YES;
				INFOPLIST_KEY_UIApplicationSceneManifest_Generation = YES;
				INFOPLIST_KEY_UIApplicationSupportsIndirectInputEvents = YES;
				INFOPLIST_KEY_UILaunchScreen_Generation = YES;
				INFOPLIST_KEY_UISupportedInterfaceOrientations_iPad = "UIInterfaceOrientationPortrait UIInterfaceOrientationPortraitUpsideDown UIInterfaceOrientationLandscapeLeft UIInterfaceOrientationLandscapeRight";
				INFOPLIST_KEY_UISupportedInterfaceOrientations_iPhone = "UIInterfaceOrientationPortrait UIInterfaceOrientationLandscapeLeft UIInterfaceOrientationLandscapeRight";
				LD_RUNPATH_SEARCH_PATHS = (
					"$(inherited)",
					"@executable_path/Frameworks",
				);
				MARKETING_VERSION = 1.0;
				PRODUCT_BUNDLE_IDENTIFIER = com.dmitri.ToDoApp;
				PRODUCT_NAME = "$(TARGET_NAME)";
				SWIFT_EMIT_LOC_STRINGS = YES;
				SWIFT_VERSION = 5.0;
				TARGETED_DEVICE_FAMILY = "1,2";
			};
			name = Debug;
		};
		347DE9F42CEC722200E8E37D /* Release */ = {
			isa = XCBuildConfiguration;
			buildSettings = {
				ASSETCATALOG_COMPILER_APPICON_NAME = AppIcon;
				ASSETCATALOG_COMPILER_GLOBAL_ACCENT_COLOR_NAME = AccentColor;
				CODE_SIGN_STYLE = Automatic;
				CURRENT_PROJECT_VERSION = 1;
				DEVELOPMENT_ASSET_PATHS = "\"ToDoApp/Preview Content\"";
				DEVELOPMENT_TEAM = 5NG3V567GS;
				ENABLE_PREVIEWS = YES;
				GENERATE_INFOPLIST_FILE = YES;
				INFOPLIST_KEY_UIApplicationSceneManifest_Generation = YES;
				INFOPLIST_KEY_UIApplicationSupportsIndirectInputEvents = YES;
				INFOPLIST_KEY_UILaunchScreen_Generation = YES;
				INFOPLIST_KEY_UISupportedInterfaceOrientations_iPad = "UIInterfaceOrientationPortrait UIInterfaceOrientationPortraitUpsideDown UIInterfaceOrientationLandscapeLeft UIInterfaceOrientationLandscapeRight";
				INFOPLIST_KEY_UISupportedInterfaceOrientations_iPhone = "UIInterfaceOrientationPortrait UIInterfaceOrientationLandscapeLeft UIInterfaceOrientationLandscapeRight";
				LD_RUNPATH_SEARCH_PATHS = (
					"$(inherited)",
					"@executable_path/Frameworks",
				);
				MARKETING_VERSION = 1.0;
				PRODUCT_BUNDLE_IDENTIFIER = com.dmitri.ToDoApp;
				PRODUCT_NAME = "$(TARGET_NAME)";
				SWIFT_EMIT_LOC_STRINGS = YES;
				SWIFT_VERSION = 5.0;
				TARGETED_DEVICE_FAMILY = "1,2";
			};
			name = Release;
		};
/* End XCBuildConfiguration section */

/* Begin XCConfigurationList section */
		347DE9DF2CEC722000E8E37D /* Build configuration list for PBXProject "ToDoApp" */ = {
			isa = XCConfigurationList;
			buildConfigurations = (
				347DE9F02CEC722200E8E37D /* Debug */,
				347DE9F12CEC722200E8E37D /* Release */,
			);
			defaultConfigurationIsVisible = 0;
			defaultConfigurationName = Release;
		};
		347DE9F22CEC722200E8E37D /* Build configuration list for PBXNativeTarget "ToDoApp" */ = {
			isa = XCConfigurationList;
			buildConfigurations = (
				347DE9F32CEC722200E8E37D /* Debug */,
				347DE9F42CEC722200E8E37D /* Release */,
			);
			defaultConfigurationIsVisible = 0;
			defaultConfigurationName = Release;
		};
/* End XCConfigurationList section */

/* Begin XCVersionGroup section */
		34B90DEF2CECC6AD00E52DC3 /* TodosContainer.xcdatamodeld */ = {
			isa = XCVersionGroup;
			children = (
				34B90DF02CECC6AD00E52DC3 /* TodosContainer.xcdatamodel */,
			);
			currentVersion = 34B90DF02CECC6AD00E52DC3 /* TodosContainer.xcdatamodel */;
			path = TodosContainer.xcdatamodeld;
			sourceTree = "<group>";
			versionGroupType = wrapper.xcdatamodel;
		};
/* End XCVersionGroup section */
	};
	rootObject = 347DE9DC2CEC722000E8E37D /* Project object */;
}
